{
  "version": 1,
  "dependencies": {
    "net8.0-windows7.0": {
      "Microsoft.SourceLink.GitHub": {
        "type": "Direct",
        "requested": "[8.0.0, )",
        "resolved": "8.0.0",
        "contentHash": "G5q7OqtwIyGTkeIOAc3u2ZuV/kicQaec5EaRnc0pIeSnh9LUjj+PYQrJYBURvDt7twGl2PKA7nSN0kz1Zw5bnQ==",
        "dependencies": {
          "Microsoft.Build.Tasks.Git": "8.0.0",
          "Microsoft.SourceLink.Common": "8.0.0"
        }
      },
      "Microsoft.Build.Tasks.Git": {
        "type": "Transitive",
        "resolved": "8.0.0",
        "contentHash": "bZKfSIKJRXLTuSzLudMFte/8CempWjVamNUR5eHJizsy+iuOuO/k2gnh7W0dHJmYY0tBf+gUErfluCv5mySAOQ=="
      },
      "Microsoft.SourceLink.Common": {
        "type": "Transitive",
        "resolved": "8.0.0",
        "contentHash": "dk9JPxTCIevS75HyEQ0E4OVAFhB2N+V9ShCXf8Q6FkUQZDkgLI12y679Nym1YqsiSysuQskT7Z+6nUf3yab6Vw=="
      },
      "Reloaded.Memory": {
        "type": "Transitive",
        "resolved": "9.1.0",
        "contentHash": "WMGpTORArGrijf9VQLVC1BjCnUxaTgSew4Kitk9jTIHWywIKk/K2PpqMuSGVO77ILV65cRmMvwpAu2azAqALeg=="
      },
      "Reloaded.Memory.Sigscan": {
        "type": "Transitive",
        "resolved": "3.1.8",
        "contentHash": "06mopF0XD8wuJ/5R8fWYkIcnJ5w0VGJ99VRuaGvPEJv5qmc33+Za3mFzRQ8XVbxBjSyovxWwduK9IZaAYbWh7w==",
        "dependencies": {
          "Reloaded.Memory": "9.1.0",
          "Reloaded.Memory.Sigscan.Definitions": "1.1.1"
        }
      },
      "Reloaded.Memory.Sigscan.Definitions": {
        "type": "Transitive",
        "resolved": "1.1.1",
        "contentHash": "yzlH3DJIc2XCEaH4aS9sJ9otiV/IVEoKOWrc53cKkx1hU8SHf3A3kE+VpPWlQmfVO5WwRKzRJ8vIr8u8RdGLGw=="
      },
      "haselcommon": {
        "type": "Project",
        "dependencies": {
          "Reloaded.Memory.Sigscan": "[3.1.8, )"
        }
      }
    }
  }
}